
Microsoft Visual Studio Solution File, Format Version 12.00
# Visual Studio 15
Project("{FAE04EC0-301F-11D3-BF4B-00C04F79EFBC}") = "Assembly-CSharp", "Assembly-CSharp.csproj", "{92B4D761-9C96-473B-A46B-72A2BB594F29}"
EndProject
Project("{FAE04EC0-301F-11D3-BF4B-00C04F79EFBC}") = "Assembly-CSharp-Editor", "Assembly-CSharp-Editor.csproj", "{FC66C34F-0393-43F1-9F43-CF0E9DA33EC8}"
EndProject
Global
	GlobalSection(SolutionConfigurationPlatforms) = preSolution
		Debug|Any CPU = Debug|Any CPU
		Release|Any CPU = Release|Any CPU
	EndGlobalSection
	GlobalSection(ProjectConfigurationPlatforms) = postSolution
		{92B4D761-9C96-473B-A46B-72A2BB594F29}.Debug|Any CPU.ActiveCfg = Debug|Any CPU
		{92B4D761-9C96-473B-A46B-72A2BB594F29}.Debug|Any CPU.Build.0 = Debug|Any CPU
		{92B4D761-9C96-473B-A46B-72A2BB594F29}.Release|Any CPU.ActiveCfg = Release|Any CPU
		{92B4D761-9C96-473B-A46B-72A2BB594F29}.Release|Any CPU.Build.0 = Release|Any CPU
		{FC66C34F-0393-43F1-9F43-CF0E9DA33EC8}.Debug|Any CPU.ActiveCfg = Debug|Any CPU
		{FC66C34F-0393-43F1-9F43-CF0E9DA33EC8}.Debug|Any CPU.Build.0 = Debug|Any CPU
		{FC66C34F-0393-43F1-9F43-CF0E9DA33EC8}.Release|Any CPU.ActiveCfg = Release|Any CPU
		{FC66C34F-0393-43F1-9F43-CF0E9DA33EC8}.Release|Any CPU.Build.0 = Release|Any CPU
	EndGlobalSection
	GlobalSection(SolutionProperties) = preSolution
		HideSolutionNode = FALSE
	EndGlobalSection
EndGlobal
